
Microsoft Visual Studio Solution File, Format Version 12.00
# Visual Studio Version 17
VisualStudioVersion = 17.13.35825.156
MinimumVisualStudioVersion = 10.0.40219.1
Project("{FAE04EC0-301F-11D3-BF4B-00C04F79EFBC}") = "databaseCW", "databaseCW.csproj", "{C74E490E-ED7A-4C2C-8681-DE4F1972C152}"
EndProject
Global
	GlobalSection(SolutionConfigurationPlatforms) = preSolution
		Debug|Any CPU = Debug|Any CPU
		Release|Any CPU = Release|Any CPU
	EndGlobalSection
	GlobalSection(ProjectConfigurationPlatforms) = postSolution
		{C74E490E-ED7A-4C2C-8681-DE4F1972C152}.Debug|Any CPU.ActiveCfg = Debug|Any CPU
		{C74E490E-ED7A-4C2C-8681-DE4F1972C152}.Debug|Any CPU.Build.0 = Debug|Any CPU
		{C74E490E-ED7A-4C2C-8681-DE4F1972C152}.Release|Any CPU.ActiveCfg = Release|Any CPU
		{C74E490E-ED7A-4C2C-8681-DE4F1972C152}.Release|Any CPU.Build.0 = Release|Any CPU
	EndGlobalSection
	GlobalSection(SolutionProperties) = preSolution
		HideSolutionNode = FALSE
	EndGlobalSection
	GlobalSection(ExtensibilityGlobals) = postSolution
		SolutionGuid = {834F5E4E-A97C-4520-A653-A9ECDB22A75D}
	EndGlobalSection
EndGlobal
